<?xml version="1.0" encoding="utf-8"?>
<Project ToolsVersion="4.0" xmlns="http://schemas.microsoft.com/developer/msbuild/2003">
  <ItemGroup>
    <Filter Include="소스 파일">
      <UniqueIdentifier>{4FC737F1-C7A5-4376-A066-2A32D752A2FF}</UniqueIdentifier>
      <Extensions>cpp;c;cc;cxx;def;odl;idl;hpj;bat;asm;asmx</Extensions>
    </Filter>
    <Filter Include="헤더 파일">
      <UniqueIdentifier>{93995380-89BD-4b04-88EB-625FBE52EBFB}</UniqueIdentifier>
      <Extensions>h;hh;hpp;hxx;hm;inl;inc;xsd</Extensions>
    </Filter>
    <Filter Include="리소스 파일">
      <UniqueIdentifier>{67DA6AB6-F800-4c08-8B7A-83BB121AAD01}</UniqueIdentifier>
      <Extensions>rc;ico;cur;bmp;dlg;rc2;rct;bin;rgs;gif;jpg;jpeg;jpe;resx;tiff;tif;png;wav;mfcribbon-ms</Extensions>
    </Filter>
    <Filter Include="소스 파일\Graphics">
      <UniqueIdentifier>{47d71ca9-cc45-4b15-8c0d-155548ad3e73}</UniqueIdentifier>
    </Filter>
    <Filter Include="소스 파일\System">
      <UniqueIdentifier>{e4bdc8bc-2a06-49d7-9c8e-7b3171953926}</UniqueIdentifier>
    </Filter>
    <Filter Include="소스 파일\Game">
      <UniqueIdentifier>{b9833dd7-36cf-4a1d-845b-171fa6c053a2}</UniqueIdentifier>
    </Filter>
    <Filter Include="소스 파일\System\ComponentSystem">
      <UniqueIdentifier>{11987364-5767-4515-a68d-8b4b1eebcb09}</UniqueIdentifier>
    </Filter>
    <Filter Include="소스 파일\Game\Map">
      <UniqueIdentifier>{ba02e774-64f0-4a95-9427-502ef51f7c89}</UniqueIdentifier>
    </Filter>
    <Filter Include="소스 파일\Game\Character">
      <UniqueIdentifier>{3f924160-3648-486b-b61c-c4ded34a0497}</UniqueIdentifier>
    </Filter>
  </ItemGroup>
  <ItemGroup>
    <ClCompile Include="main.cpp">
      <Filter>소스 파일</Filter>
    </ClCompile>
    <ClCompile Include="Sprite.cpp">
      <Filter>소스 파일\Graphics</Filter>
    </ClCompile>
    <ClCompile Include="Frame.cpp">
      <Filter>소스 파일\Graphics</Filter>
    </ClCompile>
    <ClCompile Include="Texture.cpp">
      <Filter>소스 파일\Graphics</Filter>
    </ClCompile>
    <ClCompile Include="GameSystem.cpp">
      <Filter>소스 파일\System</Filter>
    </ClCompile>
    <ClCompile Include="GameTimer.cpp">
      <Filter>소스 파일\System</Filter>
    </ClCompile>
    <ClCompile Include="ResourceManager.cpp">
      <Filter>소스 파일\System</Filter>
    </ClCompile>
    <ClCompile Include="Component.cpp">
      <Filter>소스 파일\System\ComponentSystem</Filter>
    </ClCompile>
    <ClCompile Include="ComponentSystem.cpp">
      <Filter>소스 파일\System\ComponentSystem</Filter>
    </ClCompile>
    <ClCompile Include="Map.cpp">
      <Filter>소스 파일\Game\Map</Filter>
    </ClCompile>
    <ClCompile Include="TileCell.cpp">
      <Filter>소스 파일\Game\Map</Filter>
    </ClCompile>
    <ClCompile Include="Character.cpp">
      <Filter>소스 파일\Game\Character</Filter>
    </ClCompile>
    <ClCompile Include="NPC.cpp">
      <Filter>소스 파일\Game\Character</Filter>
    </ClCompile>
    <ClCompile Include="Player.cpp">
      <Filter>소스 파일\Game\Character</Filter>
    </ClCompile>
    <ClCompile Include="TileObject.cpp">
      <Filter>소스 파일\Game\Map</Filter>
    </ClCompile>
    <ClCompile Include="monster.cpp">
      <Filter>소스 파일\Game\Character</Filter>
    </ClCompile>
  </ItemGroup>
  <ItemGroup>
    <ClInclude Include="Sprite.h">
      <Filter>소스 파일\Graphics</Filter>
    </ClInclude>
    <ClInclude Include="Frame.h">
      <Filter>소스 파일\Graphics</Filter>
    </ClInclude>
    <ClInclude Include="Texture.h">
      <Filter>소스 파일\Graphics</Filter>
    </ClInclude>
    <ClInclude Include="GameSystem.h">
      <Filter>소스 파일\System</Filter>
    </ClInclude>
    <ClInclude Include="GameTimer.h">
      <Filter>소스 파일\System</Filter>
    </ClInclude>
    <ClInclude Include="ResourceManager.h">
      <Filter>소스 파일\System</Filter>
    </ClInclude>
    <ClInclude Include="Component.h">
      <Filter>소스 파일\System\ComponentSystem</Filter>
    </ClInclude>
    <ClInclude Include="ComponentSystem.h">
      <Filter>소스 파일\System\ComponentSystem</Filter>
    </ClInclude>
    <ClInclude Include="Map.h">
      <Filter>소스 파일\Game\Map</Filter>
    </ClInclude>
    <ClInclude Include="TileCell.h">
      <Filter>소스 파일\Game\Map</Filter>
    </ClInclude>
    <ClInclude Include="Character.h">
      <Filter>소스 파일\Game\Character</Filter>
    </ClInclude>
    <ClInclude Include="NPC.h">
      <Filter>소스 파일\Game\Character</Filter>
    </ClInclude>
    <ClInclude Include="Player.h">
      <Filter>소스 파일\Game\Character</Filter>
    </ClInclude>
    <ClInclude Include="TileObject.h">
      <Filter>소스 파일\Game\Map</Filter>
    </ClInclude>
    <ClInclude Include="Monster.h">
      <Filter>소스 파일\Game\Character</Filter>
    </ClInclude>
  </ItemGroup>
</Project>